// !$*UTF8*$!
{
	archiveVersion = 1;
	classes = {
	};
	objectVersion = 50;
	objects = {

/* Begin PBXBuildFile section */
		85C6DB9A22E076E4005DC375 /* perimeter.storyboard in Resources */ = {isa = PBXBuildFile; fileRef = 85C6DB9922E076E4005DC375 /* perimeter.storyboard */; };
		85C6DB9C22E07754005DC375 /* PerimeterViewController.swift in Sources */ = {isa = PBXBuildFile; fileRef = 85C6DB9B22E07754005DC375 /* PerimeterViewController.swift */; };
		ABC6C3F422DF11CE0024A04A /* Question.swift in Sources */ = {isa = PBXBuildFile; fileRef = ABC6C3F322DF11CE0024A04A /* Question.swift */; };
		ABC6C3F622DF11DA0024A04A /* SquareQuestion.swift in Sources */ = {isa = PBXBuildFile; fileRef = ABC6C3F522DF11DA0024A04A /* SquareQuestion.swift */; };
		ABC6C3F822DF11F00024A04A /* ExcerciseButtonExtension.swift in Sources */ = {isa = PBXBuildFile; fileRef = ABC6C3F722DF11F00024A04A /* ExcerciseButtonExtension.swift */; };
		ABC6C3FA22DF11F40024A04A /* OptionLatihanButton.swift in Sources */ = {isa = PBXBuildFile; fileRef = ABC6C3F922DF11F40024A04A /* OptionLatihanButton.swift */; };
		ABC6C3FC22DF12150024A04A /* ExcerciseSquare.swift in Sources */ = {isa = PBXBuildFile; fileRef = ABC6C3FB22DF12150024A04A /* ExcerciseSquare.swift */; };
		ABC6C3FE22DF122E0024A04A /* Second.storyboard in Resources */ = {isa = PBXBuildFile; fileRef = ABC6C3FD22DF122E0024A04A /* Second.storyboard */; };
		ABF0497A22DA3AA10073E30E /* Owl2.png in Resources */ = {isa = PBXBuildFile; fileRef = ABF0497822DA3AA10073E30E /* Owl2.png */; };
		ABF0497B22DA3AA10073E30E /* Owl1.png in Resources */ = {isa = PBXBuildFile; fileRef = ABF0497922DA3AA10073E30E /* Owl1.png */; };
		ABF0498022DA463A0073E30E /* BirdAnimate.swift in Sources */ = {isa = PBXBuildFile; fileRef = ABF0497F22DA463A0073E30E /* BirdAnimate.swift */; };
		CC4D70BA22D48893001C402C /* AppDelegate.swift in Sources */ = {isa = PBXBuildFile; fileRef = CC4D70B922D48893001C402C /* AppDelegate.swift */; };
		CC4D70BC22D48893001C402C /* HomeViewController.swift in Sources */ = {isa = PBXBuildFile; fileRef = CC4D70BB22D48893001C402C /* HomeViewController.swift */; };
		CC4D70BF22D48893001C402C /* Main.storyboard in Resources */ = {isa = PBXBuildFile; fileRef = CC4D70BD22D48893001C402C /* Main.storyboard */; };
		CC4D70C222D48893001C402C /* Geomagic.xcdatamodeld in Sources */ = {isa = PBXBuildFile; fileRef = CC4D70C022D48893001C402C /* Geomagic.xcdatamodeld */; };
		CC4D70C422D48894001C402C /* Assets.xcassets in Resources */ = {isa = PBXBuildFile; fileRef = CC4D70C322D48894001C402C /* Assets.xcassets */; };
		CC4D70C722D48894001C402C /* LaunchScreen.storyboard in Resources */ = {isa = PBXBuildFile; fileRef = CC4D70C522D48894001C402C /* LaunchScreen.storyboard */; };
		CC4D70D122D48975001C402C /* MenuViewController.swift in Sources */ = {isa = PBXBuildFile; fileRef = CC4D70D022D48975001C402C /* MenuViewController.swift */; };
		CC4D70D322D4901D001C402C /* InformationPageViewController.swift in Sources */ = {isa = PBXBuildFile; fileRef = CC4D70D222D4901D001C402C /* InformationPageViewController.swift */; };
		CC4D70D522D49031001C402C /* IntroductionShapeViewController.swift in Sources */ = {isa = PBXBuildFile; fileRef = CC4D70D422D49030001C402C /* IntroductionShapeViewController.swift */; };
		CC4D70D722D49037001C402C /* LetsGoViewController.swift in Sources */ = {isa = PBXBuildFile; fileRef = CC4D70D622D49037001C402C /* LetsGoViewController.swift */; };
		CC4D70D922D49045001C402C /* ExplanationShapeViewController.swift in Sources */ = {isa = PBXBuildFile; fileRef = CC4D70D822D49045001C402C /* ExplanationShapeViewController.swift */; };
		CC4D70DB22D4904F001C402C /* PerimeterShapeViewController.swift in Sources */ = {isa = PBXBuildFile; fileRef = CC4D70DA22D4904F001C402C /* PerimeterShapeViewController.swift */; };
		CC4D70DD22D4906F001C402C /* SquareAreaViewController.swift in Sources */ = {isa = PBXBuildFile; fileRef = CC4D70DC22D4906F001C402C /* SquareAreaViewController.swift */; };
		CC4D70DF22D4907A001C402C /* CongratsPageViewController.swift in Sources */ = {isa = PBXBuildFile; fileRef = CC4D70DE22D4907A001C402C /* CongratsPageViewController.swift */; };
		CCA1511922D7BF44004627CE /* Shape.swift in Sources */ = {isa = PBXBuildFile; fileRef = CCA1511822D7BF44004627CE /* Shape.swift */; };
		CCA1511B22D7C2CB004627CE /* AppData.swift in Sources */ = {isa = PBXBuildFile; fileRef = CCA1511A22D7C2CB004627CE /* AppData.swift */; };
		CCA1511D22D7D4AD004627CE /* RoundButton.swift in Sources */ = {isa = PBXBuildFile; fileRef = CCA1511C22D7D4AD004627CE /* RoundButton.swift */; };
		CCDCB06F22D5E02A00EE5FDD /* backsound.mp3 in Resources */ = {isa = PBXBuildFile; fileRef = CCDCB06E22D5E02A00EE5FDD /* backsound.mp3 */; };
		CCDCB07222D7192D00EE5FDD /* MenuModel.swift in Sources */ = {isa = PBXBuildFile; fileRef = CCDCB07122D7192D00EE5FDD /* MenuModel.swift */; };
		CCDD036322D7B46D00C7FBD8 /* CollectionViewCell.swift in Sources */ = {isa = PBXBuildFile; fileRef = CCDD036222D7B46D00C7FBD8 /* CollectionViewCell.swift */; };
		DC7687E622DEEA4400F547E7 /* squareArea.storyboard in Resources */ = {isa = PBXBuildFile; fileRef = DC7687E522DEEA4400F547E7 /* squareArea.storyboard */; };
		DC7687E822DEEC0200F547E7 /* squareAreaNewViewController.swift in Sources */ = {isa = PBXBuildFile; fileRef = DC7687E722DEEC0200F547E7 /* squareAreaNewViewController.swift */; };
/* End PBXBuildFile section */

/* Begin PBXFileReference section */
		85C6DB9922E076E4005DC375 /* perimeter.storyboard */ = {isa = PBXFileReference; lastKnownFileType = file.storyboard; path = perimeter.storyboard; sourceTree = "<group>"; };
		85C6DB9B22E07754005DC375 /* PerimeterViewController.swift */ = {isa = PBXFileReference; lastKnownFileType = sourcecode.swift; path = PerimeterViewController.swift; sourceTree = "<group>"; };
		ABC6C3F322DF11CE0024A04A /* Question.swift */ = {isa = PBXFileReference; fileEncoding = 4; lastKnownFileType = sourcecode.swift; path = Question.swift; sourceTree = "<group>"; };
		ABC6C3F522DF11DA0024A04A /* SquareQuestion.swift */ = {isa = PBXFileReference; fileEncoding = 4; lastKnownFileType = sourcecode.swift; path = SquareQuestion.swift; sourceTree = "<group>"; };
		ABC6C3F722DF11F00024A04A /* ExcerciseButtonExtension.swift */ = {isa = PBXFileReference; fileEncoding = 4; lastKnownFileType = sourcecode.swift; path = ExcerciseButtonExtension.swift; sourceTree = "<group>"; };
		ABC6C3F922DF11F40024A04A /* OptionLatihanButton.swift */ = {isa = PBXFileReference; fileEncoding = 4; lastKnownFileType = sourcecode.swift; path = OptionLatihanButton.swift; sourceTree = "<group>"; };
		ABC6C3FB22DF12150024A04A /* ExcerciseSquare.swift */ = {isa = PBXFileReference; fileEncoding = 4; lastKnownFileType = sourcecode.swift; path = ExcerciseSquare.swift; sourceTree = "<group>"; };
		ABC6C3FD22DF122E0024A04A /* Second.storyboard */ = {isa = PBXFileReference; fileEncoding = 4; lastKnownFileType = file.storyboard; path = Second.storyboard; sourceTree = "<group>"; };
		ABF0497822DA3AA10073E30E /* Owl2.png */ = {isa = PBXFileReference; lastKnownFileType = image.png; path = Owl2.png; sourceTree = "<group>"; };
		ABF0497922DA3AA10073E30E /* Owl1.png */ = {isa = PBXFileReference; lastKnownFileType = image.png; path = Owl1.png; sourceTree = "<group>"; };
		ABF0497F22DA463A0073E30E /* BirdAnimate.swift */ = {isa = PBXFileReference; lastKnownFileType = sourcecode.swift; path = BirdAnimate.swift; sourceTree = "<group>"; };
		CC4D70B622D48893001C402C /* Geomagic.app */ = {isa = PBXFileReference; explicitFileType = wrapper.application; includeInIndex = 0; path = Geomagic.app; sourceTree = BUILT_PRODUCTS_DIR; };
		CC4D70B922D48893001C402C /* AppDelegate.swift */ = {isa = PBXFileReference; lastKnownFileType = sourcecode.swift; path = AppDelegate.swift; sourceTree = "<group>"; };
		CC4D70BB22D48893001C402C /* HomeViewController.swift */ = {isa = PBXFileReference; lastKnownFileType = sourcecode.swift; path = HomeViewController.swift; sourceTree = "<group>"; };
		CC4D70BE22D48893001C402C /* Base */ = {isa = PBXFileReference; lastKnownFileType = file.storyboard; name = Base; path = Base.lproj/Main.storyboard; sourceTree = "<group>"; };
		CC4D70C122D48893001C402C /* Geomagic.xcdatamodel */ = {isa = PBXFileReference; lastKnownFileType = wrapper.xcdatamodel; path = Geomagic.xcdatamodel; sourceTree = "<group>"; };
		CC4D70C322D48894001C402C /* Assets.xcassets */ = {isa = PBXFileReference; lastKnownFileType = folder.assetcatalog; path = Assets.xcassets; sourceTree = "<group>"; };
		CC4D70C622D48894001C402C /* Base */ = {isa = PBXFileReference; lastKnownFileType = file.storyboard; name = Base; path = Base.lproj/LaunchScreen.storyboard; sourceTree = "<group>"; };
		CC4D70C822D48894001C402C /* Info.plist */ = {isa = PBXFileReference; lastKnownFileType = text.plist.xml; path = Info.plist; sourceTree = "<group>"; };
		CC4D70D022D48975001C402C /* MenuViewController.swift */ = {isa = PBXFileReference; lastKnownFileType = sourcecode.swift; path = MenuViewController.swift; sourceTree = "<group>"; };
		CC4D70D222D4901D001C402C /* InformationPageViewController.swift */ = {isa = PBXFileReference; lastKnownFileType = sourcecode.swift; path = InformationPageViewController.swift; sourceTree = "<group>"; };
		CC4D70D422D49030001C402C /* IntroductionShapeViewController.swift */ = {isa = PBXFileReference; lastKnownFileType = sourcecode.swift; path = IntroductionShapeViewController.swift; sourceTree = "<group>"; };
		CC4D70D622D49037001C402C /* LetsGoViewController.swift */ = {isa = PBXFileReference; lastKnownFileType = sourcecode.swift; path = LetsGoViewController.swift; sourceTree = "<group>"; };
		CC4D70D822D49045001C402C /* ExplanationShapeViewController.swift */ = {isa = PBXFileReference; lastKnownFileType = sourcecode.swift; path = ExplanationShapeViewController.swift; sourceTree = "<group>"; };
		CC4D70DA22D4904F001C402C /* PerimeterShapeViewController.swift */ = {isa = PBXFileReference; lastKnownFileType = sourcecode.swift; path = PerimeterShapeViewController.swift; sourceTree = "<group>"; };
		CC4D70DC22D4906F001C402C /* SquareAreaViewController.swift */ = {isa = PBXFileReference; lastKnownFileType = sourcecode.swift; path = SquareAreaViewController.swift; sourceTree = "<group>"; };
		CC4D70DE22D4907A001C402C /* CongratsPageViewController.swift */ = {isa = PBXFileReference; lastKnownFileType = sourcecode.swift; path = CongratsPageViewController.swift; sourceTree = "<group>"; };
		CCA1511822D7BF44004627CE /* Shape.swift */ = {isa = PBXFileReference; lastKnownFileType = sourcecode.swift; path = Shape.swift; sourceTree = "<group>"; };
		CCA1511A22D7C2CB004627CE /* AppData.swift */ = {isa = PBXFileReference; lastKnownFileType = sourcecode.swift; path = AppData.swift; sourceTree = "<group>"; };
		CCA1511C22D7D4AD004627CE /* RoundButton.swift */ = {isa = PBXFileReference; lastKnownFileType = sourcecode.swift; path = RoundButton.swift; sourceTree = "<group>"; };
		CCDCB06E22D5E02A00EE5FDD /* backsound.mp3 */ = {isa = PBXFileReference; lastKnownFileType = audio.mp3; path = backsound.mp3; sourceTree = "<group>"; };
		CCDCB07122D7192D00EE5FDD /* MenuModel.swift */ = {isa = PBXFileReference; lastKnownFileType = sourcecode.swift; path = MenuModel.swift; sourceTree = "<group>"; };
		CCDD036222D7B46D00C7FBD8 /* CollectionViewCell.swift */ = {isa = PBXFileReference; lastKnownFileType = sourcecode.swift; path = CollectionViewCell.swift; sourceTree = "<group>"; };
		DC7687E522DEEA4400F547E7 /* squareArea.storyboard */ = {isa = PBXFileReference; lastKnownFileType = file.storyboard; path = squareArea.storyboard; sourceTree = "<group>"; };
		DC7687E722DEEC0200F547E7 /* squareAreaNewViewController.swift */ = {isa = PBXFileReference; lastKnownFileType = sourcecode.swift; path = squareAreaNewViewController.swift; sourceTree = "<group>"; };
/* End PBXFileReference section */

/* Begin PBXFrameworksBuildPhase section */
		CC4D70B322D48893001C402C /* Frameworks */ = {
			isa = PBXFrameworksBuildPhase;
			buildActionMask = 2147483647;
			files = (
			);
			runOnlyForDeploymentPostprocessing = 0;
		};
/* End PBXFrameworksBuildPhase section */

/* Begin PBXGroup section */
		ABF0497C22DA3AAB0073E30E /* Owl Picture */ = {
			isa = PBXGroup;
			children = (
				ABF0497822DA3AA10073E30E /* Owl2.png */,
				ABF0497922DA3AA10073E30E /* Owl1.png */,
			);
			path = "Owl Picture";
			sourceTree = "<group>";
		};
		CC4D70AD22D48893001C402C = {
			isa = PBXGroup;
			children = (
				CC4D70B822D48893001C402C /* Geomagic */,
				CC4D70B722D48893001C402C /* Products */,
			);
			sourceTree = "<group>";
		};
		CC4D70B722D48893001C402C /* Products */ = {
			isa = PBXGroup;
			children = (
				CC4D70B622D48893001C402C /* Geomagic.app */,
			);
			name = Products;
			sourceTree = "<group>";
		};
		CC4D70B822D48893001C402C /* Geomagic */ = {
			isa = PBXGroup;
			children = (
				CCDCB07022D5E03300EE5FDD /* Extras */,
				CCDCB06E22D5E02A00EE5FDD /* backsound.mp3 */,
				CC4D70E022D492EB001C402C /* Model */,
				CC4D70E122D492F2001C402C /* View */,
				CC4D70E222D492F7001C402C /* Controller */,
				CC4D70B922D48893001C402C /* AppDelegate.swift */,
				CC4D70C322D48894001C402C /* Assets.xcassets */,
				CC4D70C822D48894001C402C /* Info.plist */,
				CC4D70C022D48893001C402C /* Geomagic.xcdatamodeld */,
				ABF0497C22DA3AAB0073E30E /* Owl Picture */,
			);
			path = Geomagic;
			sourceTree = "<group>";
		};
		CC4D70E022D492EB001C402C /* Model */ = {
			isa = PBXGroup;
			children = (
				CCDCB07122D7192D00EE5FDD /* MenuModel.swift */,
				CCA1511822D7BF44004627CE /* Shape.swift */,
				CCA1511A22D7C2CB004627CE /* AppData.swift */,
				ABC6C3F322DF11CE0024A04A /* Question.swift */,
				ABC6C3F522DF11DA0024A04A /* SquareQuestion.swift */,
			);
			path = Model;
			sourceTree = "<group>";
		};
		CC4D70E122D492F2001C402C /* View */ = {
			isa = PBXGroup;
			children = (
				CC4D70C522D48894001C402C /* LaunchScreen.storyboard */,
				CC4D70BD22D48893001C402C /* Main.storyboard */,
				ABC6C3FD22DF122E0024A04A /* Second.storyboard */,
				DC7687E522DEEA4400F547E7 /* squareArea.storyboard */,
				CCA1511C22D7D4AD004627CE /* RoundButton.swift */,
				CCDD036222D7B46D00C7FBD8 /* CollectionViewCell.swift */,
				ABF0497F22DA463A0073E30E /* BirdAnimate.swift */,
				ABC6C3F722DF11F00024A04A /* ExcerciseButtonExtension.swift */,
				ABC6C3F922DF11F40024A04A /* OptionLatihanButton.swift */,
				85C6DB9922E076E4005DC375 /* perimeter.storyboard */,
			);
			path = View;
			sourceTree = "<group>";
		};
		CC4D70E222D492F7001C402C /* Controller */ = {
			isa = PBXGroup;
			children = (
				CC4D70BB22D48893001C402C /* HomeViewController.swift */,
				CC4D70D022D48975001C402C /* MenuViewController.swift */,
				CC4D70D222D4901D001C402C /* InformationPageViewController.swift */,
				CC4D70D422D49030001C402C /* IntroductionShapeViewController.swift */,
				CC4D70D622D49037001C402C /* LetsGoViewController.swift */,
				CC4D70D822D49045001C402C /* ExplanationShapeViewController.swift */,
				CC4D70DA22D4904F001C402C /* PerimeterShapeViewController.swift */,
				CC4D70DC22D4906F001C402C /* SquareAreaViewController.swift */,
				CC4D70DE22D4907A001C402C /* CongratsPageViewController.swift */,
				DC7687E722DEEC0200F547E7 /* squareAreaNewViewController.swift */,
				ABC6C3FB22DF12150024A04A /* ExcerciseSquare.swift */,
				85C6DB9B22E07754005DC375 /* PerimeterViewController.swift */,
			);
			path = Controller;
			sourceTree = "<group>";
		};
		CCDCB07022D5E03300EE5FDD /* Extras */ = {
			isa = PBXGroup;
			children = (
			);
			path = Extras;
			sourceTree = "<group>";
		};
/* End PBXGroup section */

/* Begin PBXNativeTarget section */
		CC4D70B522D48893001C402C /* Geomagic */ = {
			isa = PBXNativeTarget;
			buildConfigurationList = CC4D70CB22D48894001C402C /* Build configuration list for PBXNativeTarget "Geomagic" */;
			buildPhases = (
				CC4D70B222D48893001C402C /* Sources */,
				CC4D70B322D48893001C402C /* Frameworks */,
				CC4D70B422D48893001C402C /* Resources */,
			);
			buildRules = (
			);
			dependencies = (
			);
			name = Geomagic;
			productName = Geomagic;
			productReference = CC4D70B622D48893001C402C /* Geomagic.app */;
			productType = "com.apple.product-type.application";
		};
/* End PBXNativeTarget section */

/* Begin PBXProject section */
		CC4D70AE22D48893001C402C /* Project object */ = {
			isa = PBXProject;
			attributes = {
				LastSwiftUpdateCheck = 1020;
				LastUpgradeCheck = 1020;
				ORGANIZATIONNAME = Geomecin;
				TargetAttributes = {
					CC4D70B522D48893001C402C = {
						CreatedOnToolsVersion = 10.2.1;
					};
				};
			};
			buildConfigurationList = CC4D70B122D48893001C402C /* Build configuration list for PBXProject "Geomagic" */;
			compatibilityVersion = "Xcode 9.3";
			developmentRegion = en;
			hasScannedForEncodings = 0;
			knownRegions = (
				en,
				Base,
			);
			mainGroup = CC4D70AD22D48893001C402C;
			productRefGroup = CC4D70B722D48893001C402C /* Products */;
			projectDirPath = "";
			projectRoot = "";
			targets = (
				CC4D70B522D48893001C402C /* Geomagic */,
			);
		};
/* End PBXProject section */

/* Begin PBXResourcesBuildPhase section */
		CC4D70B422D48893001C402C /* Resources */ = {
			isa = PBXResourcesBuildPhase;
			buildActionMask = 2147483647;
			files = (
				ABF0497B22DA3AA10073E30E /* Owl1.png in Resources */,
				CC4D70C722D48894001C402C /* LaunchScreen.storyboard in Resources */,
				CC4D70C422D48894001C402C /* Assets.xcassets in Resources */,
				ABF0497A22DA3AA10073E30E /* Owl2.png in Resources */,
				ABC6C3FE22DF122E0024A04A /* Second.storyboard in Resources */,
				CCDCB06F22D5E02A00EE5FDD /* backsound.mp3 in Resources */,
				85C6DB9A22E076E4005DC375 /* perimeter.storyboard in Resources */,
				CC4D70BF22D48893001C402C /* Main.storyboard in Resources */,
				DC7687E622DEEA4400F547E7 /* squareArea.storyboard in Resources */,
			);
			runOnlyForDeploymentPostprocessing = 0;
		};
/* End PBXResourcesBuildPhase section */

/* Begin PBXSourcesBuildPhase section */
		CC4D70B222D48893001C402C /* Sources */ = {
			isa = PBXSourcesBuildPhase;
			buildActionMask = 2147483647;
			files = (
				CCA1511D22D7D4AD004627CE /* RoundButton.swift in Sources */,
				ABF0498022DA463A0073E30E /* BirdAnimate.swift in Sources */,
				CC4D70DB22D4904F001C402C /* PerimeterShapeViewController.swift in Sources */,
				CC4D70D522D49031001C402C /* IntroductionShapeViewController.swift in Sources */,
				CC4D70BC22D48893001C402C /* HomeViewController.swift in Sources */,
				CC4D70D922D49045001C402C /* ExplanationShapeViewController.swift in Sources */,
				CC4D70DD22D4906F001C402C /* SquareAreaViewController.swift in Sources */,
				CC4D70D122D48975001C402C /* MenuViewController.swift in Sources */,
				ABC6C3FC22DF12150024A04A /* ExcerciseSquare.swift in Sources */,
				ABC6C3F622DF11DA0024A04A /* SquareQuestion.swift in Sources */,
				CC4D70BA22D48893001C402C /* AppDelegate.swift in Sources */,
				ABC6C3FA22DF11F40024A04A /* OptionLatihanButton.swift in Sources */,
				85C6DB9C22E07754005DC375 /* PerimeterViewController.swift in Sources */,
				CC4D70C222D48893001C402C /* Geomagic.xcdatamodeld in Sources */,
				CCDCB07222D7192D00EE5FDD /* MenuModel.swift in Sources */,
				CCA1511922D7BF44004627CE /* Shape.swift in Sources */,
				CCA1511B22D7C2CB004627CE /* AppData.swift in Sources */,
				ABC6C3F422DF11CE0024A04A /* Question.swift in Sources */,
				CCDD036322D7B46D00C7FBD8 /* CollectionViewCell.swift in Sources */,
				CC4D70DF22D4907A001C402C /* CongratsPageViewController.swift in Sources */,
				CC4D70D722D49037001C402C /* LetsGoViewController.swift in Sources */,
				CC4D70D322D4901D001C402C /* InformationPageViewController.swift in Sources */,
				DC7687E822DEEC0200F547E7 /* squareAreaNewViewController.swift in Sources */,
				ABC6C3F822DF11F00024A04A /* ExcerciseButtonExtension.swift in Sources */,
			);
			runOnlyForDeploymentPostprocessing = 0;
		};
/* End PBXSourcesBuildPhase section */

/* Begin PBXVariantGroup section */
		CC4D70BD22D48893001C402C /* Main.storyboard */ = {
			isa = PBXVariantGroup;
			children = (
				CC4D70BE22D48893001C402C /* Base */,
			);
			name = Main.storyboard;
			sourceTree = "<group>";
		};
		CC4D70C522D48894001C402C /* LaunchScreen.storyboard */ = {
			isa = PBXVariantGroup;
			children = (
				CC4D70C622D48894001C402C /* Base */,
			);
			name = LaunchScreen.storyboard;
			sourceTree = "<group>";
		};
/* End PBXVariantGroup section */

/* Begin XCBuildConfiguration section */
		CC4D70C922D48894001C402C /* Debug */ = {
			isa = XCBuildConfiguration;
			buildSettings = {
				ALWAYS_SEARCH_USER_PATHS = NO;
				CLANG_ANALYZER_NONNULL = YES;
				CLANG_ANALYZER_NUMBER_OBJECT_CONVERSION = YES_AGGRESSIVE;
				CLANG_CXX_LANGUAGE_STANDARD = "gnu++14";
				CLANG_CXX_LIBRARY = "libc++";
				CLANG_ENABLE_MODULES = YES;
				CLANG_ENABLE_OBJC_ARC = YES;
				CLANG_ENABLE_OBJC_WEAK = YES;
				CLANG_WARN_BLOCK_CAPTURE_AUTORELEASING = YES;
				CLANG_WARN_BOOL_CONVERSION = YES;
				CLANG_WARN_COMMA = YES;
				CLANG_WARN_CONSTANT_CONVERSION = YES;
				CLANG_WARN_DEPRECATED_OBJC_IMPLEMENTATIONS = YES;
				CLANG_WARN_DIRECT_OBJC_ISA_USAGE = YES_ERROR;
				CLANG_WARN_DOCUMENTATION_COMMENTS = YES;
				CLANG_WARN_EMPTY_BODY = YES;
				CLANG_WARN_ENUM_CONVERSION = YES;
				CLANG_WARN_INFINITE_RECURSION = YES;
				CLANG_WARN_INT_CONVERSION = YES;
				CLANG_WARN_NON_LITERAL_NULL_CONVERSION = YES;
				CLANG_WARN_OBJC_IMPLICIT_RETAIN_SELF = YES;
				CLANG_WARN_OBJC_LITERAL_CONVERSION = YES;
				CLANG_WARN_OBJC_ROOT_CLASS = YES_ERROR;
				CLANG_WARN_RANGE_LOOP_ANALYSIS = YES;
				CLANG_WARN_STRICT_PROTOTYPES = YES;
				CLANG_WARN_SUSPICIOUS_MOVE = YES;
				CLANG_WARN_UNGUARDED_AVAILABILITY = YES_AGGRESSIVE;
				CLANG_WARN_UNREACHABLE_CODE = YES;
				CLANG_WARN__DUPLICATE_METHOD_MATCH = YES;
				CODE_SIGN_IDENTITY = "iPhone Developer";
				COPY_PHASE_STRIP = NO;
				DEBUG_INFORMATION_FORMAT = dwarf;
				ENABLE_STRICT_OBJC_MSGSEND = YES;
				ENABLE_TESTABILITY = YES;
				GCC_C_LANGUAGE_STANDARD = gnu11;
				GCC_DYNAMIC_NO_PIC = NO;
				GCC_NO_COMMON_BLOCKS = YES;
				GCC_OPTIMIZATION_LEVEL = 0;
				GCC_PREPROCESSOR_DEFINITIONS = (
					"DEBUG=1",
					"$(inherited)",
				);
				GCC_WARN_64_TO_32_BIT_CONVERSION = YES;
				GCC_WARN_ABOUT_RETURN_TYPE = YES_ERROR;
				GCC_WARN_UNDECLARED_SELECTOR = YES;
				GCC_WARN_UNINITIALIZED_AUTOS = YES_AGGRESSIVE;
				GCC_WARN_UNUSED_FUNCTION = YES;
				GCC_WARN_UNUSED_VARIABLE = YES;
				IPHONEOS_DEPLOYMENT_TARGET = 12.2;
				MTL_ENABLE_DEBUG_INFO = INCLUDE_SOURCE;
				MTL_FAST_MATH = YES;
				ONLY_ACTIVE_ARCH = YES;
				SDKROOT = iphoneos;
				SWIFT_ACTIVE_COMPILATION_CONDITIONS = DEBUG;
				SWIFT_OPTIMIZATION_LEVEL = "-Onone";
			};
			name = Debug;
		};
		CC4D70CA22D48894001C402C /* Release */ = {
			isa = XCBuildConfiguration;
			buildSettings = {
				ALWAYS_SEARCH_USER_PATHS = NO;
				CLANG_ANALYZER_NONNULL = YES;
				CLANG_ANALYZER_NUMBER_OBJECT_CONVERSION = YES_AGGRESSIVE;
				CLANG_CXX_LANGUAGE_STANDARD = "gnu++14";
				CLANG_CXX_LIBRARY = "libc++";
				CLANG_ENABLE_MODULES = YES;
				CLANG_ENABLE_OBJC_ARC = YES;
				CLANG_ENABLE_OBJC_WEAK = YES;
				CLANG_WARN_BLOCK_CAPTURE_AUTORELEASING = YES;
				CLANG_WARN_BOOL_CONVERSION = YES;
				CLANG_WARN_COMMA = YES;
				CLANG_WARN_CONSTANT_CONVERSION = YES;
				CLANG_WARN_DEPRECATED_OBJC_IMPLEMENTATIONS = YES;
				CLANG_WARN_DIRECT_OBJC_ISA_USAGE = YES_ERROR;
				CLANG_WARN_DOCUMENTATION_COMMENTS = YES;
				CLANG_WARN_EMPTY_BODY = YES;
				CLANG_WARN_ENUM_CONVERSION = YES;
				CLANG_WARN_INFINITE_RECURSION = YES;
				CLANG_WARN_INT_CONVERSION = YES;
				CLANG_WARN_NON_LITERAL_NULL_CONVERSION = YES;
				CLANG_WARN_OBJC_IMPLICIT_RETAIN_SELF = YES;
				CLANG_WARN_OBJC_LITERAL_CONVERSION = YES;
				CLANG_WARN_OBJC_ROOT_CLASS = YES_ERROR;
				CLANG_WARN_RANGE_LOOP_ANALYSIS = YES;
				CLANG_WARN_STRICT_PROTOTYPES = YES;
				CLANG_WARN_SUSPICIOUS_MOVE = YES;
				CLANG_WARN_UNGUARDED_AVAILABILITY = YES_AGGRESSIVE;
				CLANG_WARN_UNREACHABLE_CODE = YES;
				CLANG_WARN__DUPLICATE_METHOD_MATCH = YES;
				CODE_SIGN_IDENTITY = "iPhone Developer";
				COPY_PHASE_STRIP = NO;
				DEBUG_INFORMATION_FORMAT = "dwarf-with-dsym";
				ENABLE_NS_ASSERTIONS = NO;
				ENABLE_STRICT_OBJC_MSGSEND = YES;
				GCC_C_LANGUAGE_STANDARD = gnu11;
				GCC_NO_COMMON_BLOCKS = YES;
				GCC_WARN_64_TO_32_BIT_CONVERSION = YES;
				GCC_WARN_ABOUT_RETURN_TYPE = YES_ERROR;
				GCC_WARN_UNDECLARED_SELECTOR = YES;
				GCC_WARN_UNINITIALIZED_AUTOS = YES_AGGRESSIVE;
				GCC_WARN_UNUSED_FUNCTION = YES;
				GCC_WARN_UNUSED_VARIABLE = YES;
				IPHONEOS_DEPLOYMENT_TARGET = 12.2;
				MTL_ENABLE_DEBUG_INFO = NO;
				MTL_FAST_MATH = YES;
				SDKROOT = iphoneos;
				SWIFT_COMPILATION_MODE = wholemodule;
				SWIFT_OPTIMIZATION_LEVEL = "-O";
				VALIDATE_PRODUCT = YES;
			};
			name = Release;
		};
		CC4D70CC22D48894001C402C /* Debug */ = {
			isa = XCBuildConfiguration;
			buildSettings = {
				ASSETCATALOG_COMPILER_APPICON_NAME = AppIcon;
				CODE_SIGN_STYLE = Automatic;
				DEVELOPMENT_TEAM = ML73UMRN9R;
				INFOPLIST_FILE = Geomagic/Info.plist;
				LD_RUNPATH_SEARCH_PATHS = (
					"$(inherited)",
					"@executable_path/Frameworks",
				);
				PRODUCT_BUNDLE_IDENTIFIER = person.vebbyclarissa.Geomagic;
				PRODUCT_NAME = "$(TARGET_NAME)";
				SWIFT_VERSION = 5.0;
				TARGETED_DEVICE_FAMILY = "1,2";
			};
			name = Debug;
		};
		CC4D70CD22D48894001C402C /* Release */ = {
			isa = XCBuildConfiguration;
			buildSettings = {
				ASSETCATALOG_COMPILER_APPICON_NAME = AppIcon;
				CODE_SIGN_STYLE = Automatic;
				DEVELOPMENT_TEAM = ML73UMRN9R;
				INFOPLIST_FILE = Geomagic/Info.plist;
				LD_RUNPATH_SEARCH_PATHS = (
					"$(inherited)",
					"@executable_path/Frameworks",
				);
				PRODUCT_BUNDLE_IDENTIFIER = person.vebbyclarissa.Geomagic;
				PRODUCT_NAME = "$(TARGET_NAME)";
				SWIFT_VERSION = 5.0;
				TARGETED_DEVICE_FAMILY = "1,2";
			};
			name = Release;
		};
/* End XCBuildConfiguration section */

/* Begin XCConfigurationList section */
		CC4D70B122D48893001C402C /* Build configuration list for PBXProject "Geomagic" */ = {
			isa = XCConfigurationList;
			buildConfigurations = (
				CC4D70C922D48894001C402C /* Debug */,
				CC4D70CA22D48894001C402C /* Release */,
			);
			defaultConfigurationIsVisible = 0;
			defaultConfigurationName = Release;
		};
		CC4D70CB22D48894001C402C /* Build configuration list for PBXNativeTarget "Geomagic" */ = {
			isa = XCConfigurationList;
			buildConfigurations = (
				CC4D70CC22D48894001C402C /* Debug */,
				CC4D70CD22D48894001C402C /* Release */,
			);
			defaultConfigurationIsVisible = 0;
			defaultConfigurationName = Release;
		};
/* End XCConfigurationList section */

/* Begin XCVersionGroup section */
		CC4D70C022D48893001C402C /* Geomagic.xcdatamodeld */ = {
			isa = XCVersionGroup;
			children = (
				CC4D70C122D48893001C402C /* Geomagic.xcdatamodel */,
			);
			currentVersion = CC4D70C122D48893001C402C /* Geomagic.xcdatamodel */;
			path = Geomagic.xcdatamodeld;
			sourceTree = "<group>";
			versionGroupType = wrapper.xcdatamodel;
		};
/* End XCVersionGroup section */
	};
	rootObject = CC4D70AE22D48893001C402C /* Project object */;
}
